
Microsoft Visual Studio Solution File, Format Version 12.00

# Visual Studio Version 17

VisualStudioVersion = 17.4.33103.184
MinimumVisualStudioVersion = 10.0.40219.1
Project("{FAE04EC0-301F-11D3-BF4B-00C04F79EFBC}") = "project2", "project2\project2.csproj", "{EC273BCB-518D-4C24-9B67-1CCB8909C34B}"
EndProject
Global
	GlobalSection(SolutionConfigurationPlatforms) = preSolution
		Debug|Any CPU = Debug|Any CPU
		Release|Any CPU = Release|Any CPU
	EndGlobalSection
	GlobalSection(ProjectConfigurationPlatforms) = postSolution
		{EC273BCB-518D-4C24-9B67-1CCB8909C34B}.Debug|Any CPU.ActiveCfg = Debug|Any CPU
		{EC273BCB-518D-4C24-9B67-1CCB8909C34B}.Debug|Any CPU.Build.0 = Debug|Any CPU
		
		{EC273BCB-518D-4C24-9B67-1CCB8909C34B}.Release|Any CPU.ActiveCfg = Release|Any CPU
		{EC273BCB-518D-4C24-9B67-1CCB8909C34B}.Release|Any CPU.Build.0 = Release|Any CPU
	EndGlobalSection
	GlobalSection(SolutionProperties) = preSolution
		HideSolutionNode = FALSE
	EndGlobalSection
	GlobalSection(ExtensibilityGlobals) = postSolution
		SolutionGuid = {8E5F9F0C-DEBE-48EC-98CB-39D48ED811E7}
	EndGlobalSection
	
EndGlobal
